// !$*UTF8*$!
{
	archiveVersion = 1;
	classes = {
	};
	objectVersion = 55;
	objects = {

/* Begin PBXBuildFile section */
		CF250D8F28F588C6000DCAB1 /* GitStarApp.swift in Sources */ = {isa = PBXBuildFile; fileRef = CF250D8E28F588C6000DCAB1 /* GitStarApp.swift */; };
		CF250D9128F588C6000DCAB1 /* ContentView.swift in Sources */ = {isa = PBXBuildFile; fileRef = CF250D9028F588C6000DCAB1 /* ContentView.swift */; };
		CF250D9328F588C7000DCAB1 /* Assets.xcassets in Resources */ = {isa = PBXBuildFile; fileRef = CF250D9228F588C7000DCAB1 /* Assets.xcassets */; };
		CF250D9628F588C7000DCAB1 /* Preview Assets.xcassets in Resources */ = {isa = PBXBuildFile; fileRef = CF250D9528F588C7000DCAB1 /* Preview Assets.xcassets */; };
		CF3F74DB290527F1005496C6 /* PageInfo.swift in Sources */ = {isa = PBXBuildFile; fileRef = CF3F74DA290527F1005496C6 /* PageInfo.swift */; };
		CF3F74E1290532E2005496C6 /* SplashView.swift in Sources */ = {isa = PBXBuildFile; fileRef = CF3F74E0290532E2005496C6 /* SplashView.swift */; };
		CF5356FE290180410021E109 /* SearchViewModel.swift in Sources */ = {isa = PBXBuildFile; fileRef = CF5356FD290180410021E109 /* SearchViewModel.swift */; };
		CF876B0A2901D73D0094110F /* Repository.swift in Sources */ = {isa = PBXBuildFile; fileRef = CF876B092901D73D0094110F /* Repository.swift */; };
		CF876B0C2901D76E0094110F /* Node.swift in Sources */ = {isa = PBXBuildFile; fileRef = CF876B0B2901D76E0094110F /* Node.swift */; };
		CF876B0E2901D7950094110F /* Owner.swift in Sources */ = {isa = PBXBuildFile; fileRef = CF876B0D2901D7950094110F /* Owner.swift */; };
		CF876B112901E3AF0094110F /* GSLoadingModifier.swift in Sources */ = {isa = PBXBuildFile; fileRef = CF876B102901E3AF0094110F /* GSLoadingModifier.swift */; };
		CF876B132901E5FF0094110F /* GSAlertModifier.swift in Sources */ = {isa = PBXBuildFile; fileRef = CF876B122901E5FF0094110F /* GSAlertModifier.swift */; };
		CF876B152901E6670094110F /* AlertView.swift in Sources */ = {isa = PBXBuildFile; fileRef = CF876B142901E6670094110F /* AlertView.swift */; };
		CF876B182901EB3F0094110F /* DetailView.swift in Sources */ = {isa = PBXBuildFile; fileRef = CF876B172901EB3F0094110F /* DetailView.swift */; };
		CF876B1B2901FC860094110F /* AppTabView.swift in Sources */ = {isa = PBXBuildFile; fileRef = CF876B1A2901FC860094110F /* AppTabView.swift */; };
		CF876B1E2901FCA40094110F /* FavoritesView.swift in Sources */ = {isa = PBXBuildFile; fileRef = CF876B1D2901FCA40094110F /* FavoritesView.swift */; };
		CF876B20290201390094110F /* FavoritesRowItem.swift in Sources */ = {isa = PBXBuildFile; fileRef = CF876B1F290201390094110F /* FavoritesRowItem.swift */; };
		CF876B23290204AC0094110F /* Realm in Frameworks */ = {isa = PBXBuildFile; productRef = CF876B22290204AC0094110F /* Realm */; };
		CF876B25290204AC0094110F /* RealmSwift in Frameworks */ = {isa = PBXBuildFile; productRef = CF876B24290204AC0094110F /* RealmSwift */; };
		CF876B272902085F0094110F /* CollectionExtension.swift in Sources */ = {isa = PBXBuildFile; fileRef = CF876B262902085F0094110F /* CollectionExtension.swift */; };
		CF876B29290209E40094110F /* BaseModel.swift in Sources */ = {isa = PBXBuildFile; fileRef = CF876B28290209E40094110F /* BaseModel.swift */; };
		CF876B2B29020B290094110F /* RealmExtension.swift in Sources */ = {isa = PBXBuildFile; fileRef = CF876B2A29020B290094110F /* RealmExtension.swift */; };
		CF876B2E29020CFC0094110F /* RealmManager.swift in Sources */ = {isa = PBXBuildFile; fileRef = CF876B2D29020CFC0094110F /* RealmManager.swift */; };
		CF876B3029020D8A0094110F /* RealmFileType.swift in Sources */ = {isa = PBXBuildFile; fileRef = CF876B2F29020D8A0094110F /* RealmFileType.swift */; };
		CF876B32290211EF0094110F /* RealmManagerExtension.swift in Sources */ = {isa = PBXBuildFile; fileRef = CF876B31290211EF0094110F /* RealmManagerExtension.swift */; };
		CF876B36290213CB0094110F /* DetailViewModel.swift in Sources */ = {isa = PBXBuildFile; fileRef = CF876B35290213CB0094110F /* DetailViewModel.swift */; };
		CF876B38290219410094110F /* RealmCascadeDeletion.swift in Sources */ = {isa = PBXBuildFile; fileRef = CF876B37290219410094110F /* RealmCascadeDeletion.swift */; };
		CFA25E34290088210019986B /* Apollo in Frameworks */ = {isa = PBXBuildFile; productRef = CFA25E33290088210019986B /* Apollo */; };
		CFA25E3B290089360019986B /* Topic.graphql in Resources */ = {isa = PBXBuildFile; fileRef = CFA25E3A290089360019986B /* Topic.graphql */; };
		CFA25E3D29008A390019986B /* schema.json in Resources */ = {isa = PBXBuildFile; fileRef = CFA25E3C29008A390019986B /* schema.json */; };
		CFA25E3F29008A400019986B /* API.swift in Sources */ = {isa = PBXBuildFile; fileRef = CFA25E3E29008A400019986B /* API.swift */; };
		CFDEBD7E2903E6B70019B1B4 /* RealmHelper.swift in Sources */ = {isa = PBXBuildFile; fileRef = CFDEBD7D2903E6B70019B1B4 /* RealmHelper.swift */; };
		CFF408A82900908F00B0F6A9 /* NetworkManager.swift in Sources */ = {isa = PBXBuildFile; fileRef = CFF408A72900908F00B0F6A9 /* NetworkManager.swift */; };
		CFF408AB2900928E00B0F6A9 /* NetworkManagerProtocol.swift in Sources */ = {isa = PBXBuildFile; fileRef = CFF408AA2900928E00B0F6A9 /* NetworkManagerProtocol.swift */; };
		CFF408AD2900955A00B0F6A9 /* NetworkInterceptorProvider.swift in Sources */ = {isa = PBXBuildFile; fileRef = CFF408AC2900955A00B0F6A9 /* NetworkInterceptorProvider.swift */; };
		CFF408AF2900957A00B0F6A9 /* TokenInterceptor.swift in Sources */ = {isa = PBXBuildFile; fileRef = CFF408AE2900957A00B0F6A9 /* TokenInterceptor.swift */; };
		CFF408B12900962800B0F6A9 /* Constants.swift in Sources */ = {isa = PBXBuildFile; fileRef = CFF408B02900962800B0F6A9 /* Constants.swift */; };
		CFF408B429009B7700B0F6A9 /* Topic.swift in Sources */ = {isa = PBXBuildFile; fileRef = CFF408B329009B7700B0F6A9 /* Topic.swift */; };
		CFF408B72900A46100B0F6A9 /* ColorExtension.swift in Sources */ = {isa = PBXBuildFile; fileRef = CFF408B62900A46100B0F6A9 /* ColorExtension.swift */; };
		CFF408BA2900A48800B0F6A9 /* SearchView.swift in Sources */ = {isa = PBXBuildFile; fileRef = CFF408B92900A48800B0F6A9 /* SearchView.swift */; };
		CFFA28A229016E3B002C796D /* AvatarImageView.swift in Sources */ = {isa = PBXBuildFile; fileRef = CFFA28A129016E3B002C796D /* AvatarImageView.swift */; };
		CFFA28A42901730A002C796D /* RepositoryRowItem.swift in Sources */ = {isa = PBXBuildFile; fileRef = CFFA28A32901730A002C796D /* RepositoryRowItem.swift */; };
/* End PBXBuildFile section */

/* Begin PBXFileReference section */
		CF250D8B28F588C6000DCAB1 /* GitStar.app */ = {isa = PBXFileReference; explicitFileType = wrapper.application; includeInIndex = 0; path = GitStar.app; sourceTree = BUILT_PRODUCTS_DIR; };
		CF250D8E28F588C6000DCAB1 /* GitStarApp.swift */ = {isa = PBXFileReference; lastKnownFileType = sourcecode.swift; path = GitStarApp.swift; sourceTree = "<group>"; };
		CF250D9028F588C6000DCAB1 /* ContentView.swift */ = {isa = PBXFileReference; lastKnownFileType = sourcecode.swift; path = ContentView.swift; sourceTree = "<group>"; };
		CF250D9228F588C7000DCAB1 /* Assets.xcassets */ = {isa = PBXFileReference; lastKnownFileType = folder.assetcatalog; path = Assets.xcassets; sourceTree = "<group>"; };
		CF250D9528F588C7000DCAB1 /* Preview Assets.xcassets */ = {isa = PBXFileReference; lastKnownFileType = folder.assetcatalog; path = "Preview Assets.xcassets"; sourceTree = "<group>"; };
		CF3F74DA290527F1005496C6 /* PageInfo.swift */ = {isa = PBXFileReference; lastKnownFileType = sourcecode.swift; path = PageInfo.swift; sourceTree = "<group>"; };
		CF3F74E0290532E2005496C6 /* SplashView.swift */ = {isa = PBXFileReference; lastKnownFileType = sourcecode.swift; path = SplashView.swift; sourceTree = "<group>"; };
		CF5356FD290180410021E109 /* SearchViewModel.swift */ = {isa = PBXFileReference; lastKnownFileType = sourcecode.swift; path = SearchViewModel.swift; sourceTree = "<group>"; };
		CF876B092901D73D0094110F /* Repository.swift */ = {isa = PBXFileReference; lastKnownFileType = sourcecode.swift; path = Repository.swift; sourceTree = "<group>"; };
		CF876B0B2901D76E0094110F /* Node.swift */ = {isa = PBXFileReference; lastKnownFileType = sourcecode.swift; path = Node.swift; sourceTree = "<group>"; };
		CF876B0D2901D7950094110F /* Owner.swift */ = {isa = PBXFileReference; lastKnownFileType = sourcecode.swift; path = Owner.swift; sourceTree = "<group>"; };
		CF876B102901E3AF0094110F /* GSLoadingModifier.swift */ = {isa = PBXFileReference; lastKnownFileType = sourcecode.swift; path = GSLoadingModifier.swift; sourceTree = "<group>"; };
		CF876B122901E5FF0094110F /* GSAlertModifier.swift */ = {isa = PBXFileReference; lastKnownFileType = sourcecode.swift; path = GSAlertModifier.swift; sourceTree = "<group>"; };
		CF876B142901E6670094110F /* AlertView.swift */ = {isa = PBXFileReference; lastKnownFileType = sourcecode.swift; path = AlertView.swift; sourceTree = "<group>"; };
		CF876B172901EB3F0094110F /* DetailView.swift */ = {isa = PBXFileReference; lastKnownFileType = sourcecode.swift; path = DetailView.swift; sourceTree = "<group>"; };
		CF876B1A2901FC860094110F /* AppTabView.swift */ = {isa = PBXFileReference; lastKnownFileType = sourcecode.swift; path = AppTabView.swift; sourceTree = "<group>"; };
		CF876B1D2901FCA40094110F /* FavoritesView.swift */ = {isa = PBXFileReference; lastKnownFileType = sourcecode.swift; path = FavoritesView.swift; sourceTree = "<group>"; };
		CF876B1F290201390094110F /* FavoritesRowItem.swift */ = {isa = PBXFileReference; lastKnownFileType = sourcecode.swift; path = FavoritesRowItem.swift; sourceTree = "<group>"; };
		CF876B262902085F0094110F /* CollectionExtension.swift */ = {isa = PBXFileReference; lastKnownFileType = sourcecode.swift; path = CollectionExtension.swift; sourceTree = "<group>"; };
		CF876B28290209E40094110F /* BaseModel.swift */ = {isa = PBXFileReference; lastKnownFileType = sourcecode.swift; path = BaseModel.swift; sourceTree = "<group>"; };
		CF876B2A29020B290094110F /* RealmExtension.swift */ = {isa = PBXFileReference; lastKnownFileType = sourcecode.swift; path = RealmExtension.swift; sourceTree = "<group>"; };
		CF876B2D29020CFC0094110F /* RealmManager.swift */ = {isa = PBXFileReference; lastKnownFileType = sourcecode.swift; path = RealmManager.swift; sourceTree = "<group>"; };
		CF876B2F29020D8A0094110F /* RealmFileType.swift */ = {isa = PBXFileReference; lastKnownFileType = sourcecode.swift; path = RealmFileType.swift; sourceTree = "<group>"; };
		CF876B31290211EF0094110F /* RealmManagerExtension.swift */ = {isa = PBXFileReference; lastKnownFileType = sourcecode.swift; path = RealmManagerExtension.swift; sourceTree = "<group>"; };
		CF876B35290213CB0094110F /* DetailViewModel.swift */ = {isa = PBXFileReference; lastKnownFileType = sourcecode.swift; path = DetailViewModel.swift; sourceTree = "<group>"; };
		CF876B37290219410094110F /* RealmCascadeDeletion.swift */ = {isa = PBXFileReference; lastKnownFileType = sourcecode.swift; path = RealmCascadeDeletion.swift; sourceTree = "<group>"; };
		CFA25E3A290089360019986B /* Topic.graphql */ = {isa = PBXFileReference; lastKnownFileType = text; path = Topic.graphql; sourceTree = "<group>"; };
		CFA25E3C29008A390019986B /* schema.json */ = {isa = PBXFileReference; lastKnownFileType = text.json; path = schema.json; sourceTree = "<group>"; };
		CFA25E3E29008A400019986B /* API.swift */ = {isa = PBXFileReference; lastKnownFileType = sourcecode.swift; path = API.swift; sourceTree = "<group>"; };
		CFDEBD7D2903E6B70019B1B4 /* RealmHelper.swift */ = {isa = PBXFileReference; lastKnownFileType = sourcecode.swift; path = RealmHelper.swift; sourceTree = "<group>"; };
		CFF408A72900908F00B0F6A9 /* NetworkManager.swift */ = {isa = PBXFileReference; lastKnownFileType = sourcecode.swift; path = NetworkManager.swift; sourceTree = "<group>"; };
		CFF408AA2900928E00B0F6A9 /* NetworkManagerProtocol.swift */ = {isa = PBXFileReference; lastKnownFileType = sourcecode.swift; path = NetworkManagerProtocol.swift; sourceTree = "<group>"; };
		CFF408AC2900955A00B0F6A9 /* NetworkInterceptorProvider.swift */ = {isa = PBXFileReference; lastKnownFileType = sourcecode.swift; path = NetworkInterceptorProvider.swift; sourceTree = "<group>"; };
		CFF408AE2900957A00B0F6A9 /* TokenInterceptor.swift */ = {isa = PBXFileReference; lastKnownFileType = sourcecode.swift; path = TokenInterceptor.swift; sourceTree = "<group>"; };
		CFF408B02900962800B0F6A9 /* Constants.swift */ = {isa = PBXFileReference; lastKnownFileType = sourcecode.swift; path = Constants.swift; sourceTree = "<group>"; };
		CFF408B329009B7700B0F6A9 /* Topic.swift */ = {isa = PBXFileReference; lastKnownFileType = sourcecode.swift; path = Topic.swift; sourceTree = "<group>"; };
		CFF408B62900A46100B0F6A9 /* ColorExtension.swift */ = {isa = PBXFileReference; lastKnownFileType = sourcecode.swift; path = ColorExtension.swift; sourceTree = "<group>"; };
		CFF408B92900A48800B0F6A9 /* SearchView.swift */ = {isa = PBXFileReference; lastKnownFileType = sourcecode.swift; path = SearchView.swift; sourceTree = "<group>"; };
		CFFA28A129016E3B002C796D /* AvatarImageView.swift */ = {isa = PBXFileReference; lastKnownFileType = sourcecode.swift; path = AvatarImageView.swift; sourceTree = "<group>"; };
		CFFA28A32901730A002C796D /* RepositoryRowItem.swift */ = {isa = PBXFileReference; lastKnownFileType = sourcecode.swift; path = RepositoryRowItem.swift; sourceTree = "<group>"; };
/* End PBXFileReference section */

/* Begin PBXFrameworksBuildPhase section */
		CF250D8828F588C6000DCAB1 /* Frameworks */ = {
			isa = PBXFrameworksBuildPhase;
			buildActionMask = 2147483647;
			files = (
				CF876B25290204AC0094110F /* RealmSwift in Frameworks */,
				CF876B23290204AC0094110F /* Realm in Frameworks */,
				CFA25E34290088210019986B /* Apollo in Frameworks */,
			);
			runOnlyForDeploymentPostprocessing = 0;
		};
/* End PBXFrameworksBuildPhase section */

/* Begin PBXGroup section */
		CF250D8228F588C6000DCAB1 = {
			isa = PBXGroup;
			children = (
				CF250D8D28F588C6000DCAB1 /* GitStar */,
				CF250D8C28F588C6000DCAB1 /* Products */,
			);
			sourceTree = "<group>";
		};
		CF250D8C28F588C6000DCAB1 /* Products */ = {
			isa = PBXGroup;
			children = (
				CF250D8B28F588C6000DCAB1 /* GitStar.app */,
			);
			name = Products;
			sourceTree = "<group>";
		};
		CF250D8D28F588C6000DCAB1 /* GitStar */ = {
			isa = PBXGroup;
			children = (
				CFA25E3C29008A390019986B /* schema.json */,
				CFA25E3E29008A400019986B /* API.swift */,
				CFF408B52900A44D00B0F6A9 /* Extensions */,
				CFF408B229009AC100B0F6A9 /* Models */,
				CFF408A92900927900B0F6A9 /* Network */,
				CF876B2C29020CF00094110F /* Realm */,
				CFA25E392900890D0019986B /* GraphQL */,
				CFFA28A029016DF1002C796D /* CustomViews */,
				CFF408B82900A47700B0F6A9 /* Screens */,
				CF876B0F2901E39C0094110F /* ViewModifier */,
				CF250D8E28F588C6000DCAB1 /* GitStarApp.swift */,
				CFF408B02900962800B0F6A9 /* Constants.swift */,
				CF250D9028F588C6000DCAB1 /* ContentView.swift */,
				CF250D9228F588C7000DCAB1 /* Assets.xcassets */,
				CF250D9428F588C7000DCAB1 /* Preview Content */,
			);
			path = GitStar;
			sourceTree = "<group>";
		};
		CF250D9428F588C7000DCAB1 /* Preview Content */ = {
			isa = PBXGroup;
			children = (
				CF250D9528F588C7000DCAB1 /* Preview Assets.xcassets */,
			);
			path = "Preview Content";
			sourceTree = "<group>";
		};
		CF3F74DF290532DC005496C6 /* Splash */ = {
			isa = PBXGroup;
			children = (
				CF3F74E0290532E2005496C6 /* SplashView.swift */,
			);
			path = Splash;
			sourceTree = "<group>";
		};
		CF5356FC2901802F0021E109 /* Search */ = {
			isa = PBXGroup;
			children = (
				CFF408B92900A48800B0F6A9 /* SearchView.swift */,
				CF5356FD290180410021E109 /* SearchViewModel.swift */,
			);
			path = Search;
			sourceTree = "<group>";
		};
		CF876B0F2901E39C0094110F /* ViewModifier */ = {
			isa = PBXGroup;
			children = (
				CF876B102901E3AF0094110F /* GSLoadingModifier.swift */,
				CF876B122901E5FF0094110F /* GSAlertModifier.swift */,
			);
			path = ViewModifier;
			sourceTree = "<group>";
		};
		CF876B162901EA500094110F /* Detail */ = {
			isa = PBXGroup;
			children = (
				CF876B172901EB3F0094110F /* DetailView.swift */,
				CF876B35290213CB0094110F /* DetailViewModel.swift */,
			);
			path = Detail;
			sourceTree = "<group>";
		};
		CF876B192901FC7E0094110F /* AppTabView */ = {
			isa = PBXGroup;
			children = (
				CF876B1A2901FC860094110F /* AppTabView.swift */,
			);
			path = AppTabView;
			sourceTree = "<group>";
		};
		CF876B1C2901FC950094110F /* Favorites */ = {
			isa = PBXGroup;
			children = (
				CF876B1D2901FCA40094110F /* FavoritesView.swift */,
			);
			path = Favorites;
			sourceTree = "<group>";
		};
		CF876B2C29020CF00094110F /* Realm */ = {
			isa = PBXGroup;
			children = (
				CF876B2F29020D8A0094110F /* RealmFileType.swift */,
				CF876B2D29020CFC0094110F /* RealmManager.swift */,
				CF876B31290211EF0094110F /* RealmManagerExtension.swift */,
				CF876B37290219410094110F /* RealmCascadeDeletion.swift */,
				CFDEBD7D2903E6B70019B1B4 /* RealmHelper.swift */,
			);
			path = Realm;
			sourceTree = "<group>";
		};
		CFA25E392900890D0019986B /* GraphQL */ = {
			isa = PBXGroup;
			children = (
				CFA25E3A290089360019986B /* Topic.graphql */,
			);
			path = GraphQL;
			sourceTree = "<group>";
		};
		CFF408A92900927900B0F6A9 /* Network */ = {
			isa = PBXGroup;
			children = (
				CFF408AA2900928E00B0F6A9 /* NetworkManagerProtocol.swift */,
				CFF408A72900908F00B0F6A9 /* NetworkManager.swift */,
				CFF408AC2900955A00B0F6A9 /* NetworkInterceptorProvider.swift */,
				CFF408AE2900957A00B0F6A9 /* TokenInterceptor.swift */,
			);
			name = Network;
			sourceTree = "<group>";
		};
		CFF408B229009AC100B0F6A9 /* Models */ = {
			isa = PBXGroup;
			children = (
				CF876B28290209E40094110F /* BaseModel.swift */,
				CFF408B329009B7700B0F6A9 /* Topic.swift */,
				CF876B092901D73D0094110F /* Repository.swift */,
				CF876B0B2901D76E0094110F /* Node.swift */,
				CF3F74DA290527F1005496C6 /* PageInfo.swift */,
				CF876B0D2901D7950094110F /* Owner.swift */,
			);
			path = Models;
			sourceTree = "<group>";
		};
		CFF408B52900A44D00B0F6A9 /* Extensions */ = {
			isa = PBXGroup;
			children = (
				CFF408B62900A46100B0F6A9 /* ColorExtension.swift */,
				CF876B262902085F0094110F /* CollectionExtension.swift */,
				CF876B2A29020B290094110F /* RealmExtension.swift */,
			);
			path = Extensions;
			sourceTree = "<group>";
		};
		CFF408B82900A47700B0F6A9 /* Screens */ = {
			isa = PBXGroup;
			children = (
				CF3F74DF290532DC005496C6 /* Splash */,
				CF876B192901FC7E0094110F /* AppTabView */,
				CF5356FC2901802F0021E109 /* Search */,
				CF876B162901EA500094110F /* Detail */,
				CF876B1C2901FC950094110F /* Favorites */,
			);
			path = Screens;
			sourceTree = "<group>";
		};
		CFFA28A029016DF1002C796D /* CustomViews */ = {
			isa = PBXGroup;
			children = (
				CFFA28A129016E3B002C796D /* AvatarImageView.swift */,
				CFFA28A32901730A002C796D /* RepositoryRowItem.swift */,
				CF876B142901E6670094110F /* AlertView.swift */,
				CF876B1F290201390094110F /* FavoritesRowItem.swift */,
			);
			path = CustomViews;
			sourceTree = "<group>";
		};
/* End PBXGroup section */

/* Begin PBXNativeTarget section */
		CF250D8A28F588C6000DCAB1 /* GitStar */ = {
			isa = PBXNativeTarget;
			buildConfigurationList = CF250D9928F588C7000DCAB1 /* Build configuration list for PBXNativeTarget "GitStar" */;
			buildPhases = (
				CF250D8728F588C6000DCAB1 /* Sources */,
				CF250D8828F588C6000DCAB1 /* Frameworks */,
				CF250D8928F588C6000DCAB1 /* Resources */,
				CFA25E4029008BC40019986B /* Apollo */,
			);
			buildRules = (
			);
			dependencies = (
			);
			name = GitStar;
			packageProductDependencies = (
				CFA25E33290088210019986B /* Apollo */,
				CF876B22290204AC0094110F /* Realm */,
				CF876B24290204AC0094110F /* RealmSwift */,
			);
			productName = GitStar;
			productReference = CF250D8B28F588C6000DCAB1 /* GitStar.app */;
			productType = "com.apple.product-type.application";
		};
/* End PBXNativeTarget section */

/* Begin PBXProject section */
		CF250D8328F588C6000DCAB1 /* Project object */ = {
			isa = PBXProject;
			attributes = {
				BuildIndependentTargetsInParallel = 1;
				LastSwiftUpdateCheck = 1340;
				LastUpgradeCheck = 1340;
				TargetAttributes = {
					CF250D8A28F588C6000DCAB1 = {
						CreatedOnToolsVersion = 13.4.1;
					};
				};
			};
			buildConfigurationList = CF250D8628F588C6000DCAB1 /* Build configuration list for PBXProject "GitStar" */;
			compatibilityVersion = "Xcode 13.0";
			developmentRegion = en;
			hasScannedForEncodings = 0;
			knownRegions = (
				en,
				Base,
			);
			mainGroup = CF250D8228F588C6000DCAB1;
			packageReferences = (
				CFA25E32290088210019986B /* XCRemoteSwiftPackageReference "apollo-ios" */,
				CF876B21290204AC0094110F /* XCRemoteSwiftPackageReference "realm-swift" */,
			);
			productRefGroup = CF250D8C28F588C6000DCAB1 /* Products */;
			projectDirPath = "";
			projectRoot = "";
			targets = (
				CF250D8A28F588C6000DCAB1 /* GitStar */,
			);
		};
/* End PBXProject section */

/* Begin PBXResourcesBuildPhase section */
		CF250D8928F588C6000DCAB1 /* Resources */ = {
			isa = PBXResourcesBuildPhase;
			buildActionMask = 2147483647;
			files = (
				CFA25E3D29008A390019986B /* schema.json in Resources */,
				CF250D9628F588C7000DCAB1 /* Preview Assets.xcassets in Resources */,
				CFA25E3B290089360019986B /* Topic.graphql in Resources */,
				CF250D9328F588C7000DCAB1 /* Assets.xcassets in Resources */,
			);
			runOnlyForDeploymentPostprocessing = 0;
		};
/* End PBXResourcesBuildPhase section */

/* Begin PBXShellScriptBuildPhase section */
		CFA25E4029008BC40019986B /* Apollo */ = {
			isa = PBXShellScriptBuildPhase;
			buildActionMask = 12;
			files = (
			);
			inputFileListPaths = (
			);
			inputPaths = (
			);
			name = Apollo;
			outputFileListPaths = (
			);
			outputPaths = (
			);
			runOnlyForDeploymentPostprocessing = 0;
			shellPath = /bin/sh;
			shellScript = "# Type a script or drag a script file from your workspace to insert its path.\n# Don't run this during index builds\nif [ $ACTION = \"indexbuild\" ]; then exit 0; fi\n\n# Go to the build root and search up the chain to find the Derived Data Path where the source packages are checked out.\nDERIVED_DATA_CANDIDATE=\"${BUILD_ROOT}\"\n\nwhile ! [ -d \"${DERIVED_DATA_CANDIDATE}/SourcePackages\" ]; do\n  if [ \"${DERIVED_DATA_CANDIDATE}\" = / ]; then\n    echo >&2 \"error: Unable to locate SourcePackages directory from BUILD_ROOT: '${BUILD_ROOT}'\"\n    exit 1\n  fi\n\n  DERIVED_DATA_CANDIDATE=\"$(dirname \"${DERIVED_DATA_CANDIDATE}\")\"\ndone\n\n# Grab a reference to the directory where scripts are checked out\nSCRIPT_PATH=\"${DERIVED_DATA_CANDIDATE}/SourcePackages/checkouts/apollo-ios/scripts\"\n\nif [ -z \"${SCRIPT_PATH}\" ]; then\n    echo >&2 \"error: Couldn't find the CLI script in your checked out SPM packages; make sure to add the framework to your project.\"\n    exit 1\nfi\n\ncd \"${SRCROOT}/${TARGET_NAME}\"\n\"${SCRIPT_PATH}\"/run-bundled-codegen.sh codegen:generate --target=swift --includes=./**/*.graphql --localSchemaFile=\"schema.json\" API.swift\n\n#\"${SCRIPT_PATH}\"/run-bundled-codegen.sh schema:download --header=\"Authorization: bearer YOUR_TOKEN\" --endpoint=\"https://api.github.com/graphql\" schema.json\n";
		};
/* End PBXShellScriptBuildPhase section */

/* Begin PBXSourcesBuildPhase section */
		CF250D8728F588C6000DCAB1 /* Sources */ = {
			isa = PBXSourcesBuildPhase;
			buildActionMask = 2147483647;
			files = (
				CF876B2B29020B290094110F /* RealmExtension.swift in Sources */,
				CFF408AD2900955A00B0F6A9 /* NetworkInterceptorProvider.swift in Sources */,
				CF876B112901E3AF0094110F /* GSLoadingModifier.swift in Sources */,
				CF876B132901E5FF0094110F /* GSAlertModifier.swift in Sources */,
				CFF408B429009B7700B0F6A9 /* Topic.swift in Sources */,
				CF876B2E29020CFC0094110F /* RealmManager.swift in Sources */,
				CF876B272902085F0094110F /* CollectionExtension.swift in Sources */,
				CFDEBD7E2903E6B70019B1B4 /* RealmHelper.swift in Sources */,
				CF3F74DB290527F1005496C6 /* PageInfo.swift in Sources */,
				CF876B3029020D8A0094110F /* RealmFileType.swift in Sources */,
				CF876B0A2901D73D0094110F /* Repository.swift in Sources */,
				CF876B152901E6670094110F /* AlertView.swift in Sources */,
				CFF408A82900908F00B0F6A9 /* NetworkManager.swift in Sources */,
				CF250D9128F588C6000DCAB1 /* ContentView.swift in Sources */,
				CFFA28A42901730A002C796D /* RepositoryRowItem.swift in Sources */,
				CF876B36290213CB0094110F /* DetailViewModel.swift in Sources */,
				CFA25E3F29008A400019986B /* API.swift in Sources */,
				CF876B1B2901FC860094110F /* AppTabView.swift in Sources */,
				CF876B1E2901FCA40094110F /* FavoritesView.swift in Sources */,
				CF876B182901EB3F0094110F /* DetailView.swift in Sources */,
				CFF408AB2900928E00B0F6A9 /* NetworkManagerProtocol.swift in Sources */,
				CFF408AF2900957A00B0F6A9 /* TokenInterceptor.swift in Sources */,
				CF876B29290209E40094110F /* BaseModel.swift in Sources */,
				CF5356FE290180410021E109 /* SearchViewModel.swift in Sources */,
				CF876B32290211EF0094110F /* RealmManagerExtension.swift in Sources */,
				CF250D8F28F588C6000DCAB1 /* GitStarApp.swift in Sources */,
				CF876B0C2901D76E0094110F /* Node.swift in Sources */,
				CF3F74E1290532E2005496C6 /* SplashView.swift in Sources */,
				CFF408B12900962800B0F6A9 /* Constants.swift in Sources */,
				CF876B20290201390094110F /* FavoritesRowItem.swift in Sources */,
				CFFA28A229016E3B002C796D /* AvatarImageView.swift in Sources */,
				CF876B0E2901D7950094110F /* Owner.swift in Sources */,
				CFF408B72900A46100B0F6A9 /* ColorExtension.swift in Sources */,
				CF876B38290219410094110F /* RealmCascadeDeletion.swift in Sources */,
				CFF408BA2900A48800B0F6A9 /* SearchView.swift in Sources */,
			);
			runOnlyForDeploymentPostprocessing = 0;
		};
/* End PBXSourcesBuildPhase section */

/* Begin XCBuildConfiguration section */
		CF250D9728F588C7000DCAB1 /* Debug */ = {
			isa = XCBuildConfiguration;
			buildSettings = {
				ALWAYS_SEARCH_USER_PATHS = NO;
				CLANG_ANALYZER_NONNULL = YES;
				CLANG_ANALYZER_NUMBER_OBJECT_CONVERSION = YES_AGGRESSIVE;
				CLANG_CXX_LANGUAGE_STANDARD = "gnu++17";
				CLANG_ENABLE_MODULES = YES;
				CLANG_ENABLE_OBJC_ARC = YES;
				CLANG_ENABLE_OBJC_WEAK = YES;
				CLANG_WARN_BLOCK_CAPTURE_AUTORELEASING = YES;
				CLANG_WARN_BOOL_CONVERSION = YES;
				CLANG_WARN_COMMA = YES;
				CLANG_WARN_CONSTANT_CONVERSION = YES;
				CLANG_WARN_DEPRECATED_OBJC_IMPLEMENTATIONS = YES;
				CLANG_WARN_DIRECT_OBJC_ISA_USAGE = YES_ERROR;
				CLANG_WARN_DOCUMENTATION_COMMENTS = YES;
				CLANG_WARN_EMPTY_BODY = YES;
				CLANG_WARN_ENUM_CONVERSION = YES;
				CLANG_WARN_INFINITE_RECURSION = YES;
				CLANG_WARN_INT_CONVERSION = YES;
				CLANG_WARN_NON_LITERAL_NULL_CONVERSION = YES;
				CLANG_WARN_OBJC_IMPLICIT_RETAIN_SELF = YES;
				CLANG_WARN_OBJC_LITERAL_CONVERSION = YES;
				CLANG_WARN_OBJC_ROOT_CLASS = YES_ERROR;
				CLANG_WARN_QUOTED_INCLUDE_IN_FRAMEWORK_HEADER = YES;
				CLANG_WARN_RANGE_LOOP_ANALYSIS = YES;
				CLANG_WARN_STRICT_PROTOTYPES = YES;
				CLANG_WARN_SUSPICIOUS_MOVE = YES;
				CLANG_WARN_UNGUARDED_AVAILABILITY = YES_AGGRESSIVE;
				CLANG_WARN_UNREACHABLE_CODE = YES;
				CLANG_WARN__DUPLICATE_METHOD_MATCH = YES;
				COPY_PHASE_STRIP = NO;
				DEBUG_INFORMATION_FORMAT = dwarf;
				ENABLE_STRICT_OBJC_MSGSEND = YES;
				ENABLE_TESTABILITY = YES;
				GCC_C_LANGUAGE_STANDARD = gnu11;
				GCC_DYNAMIC_NO_PIC = NO;
				GCC_NO_COMMON_BLOCKS = YES;
				GCC_OPTIMIZATION_LEVEL = 0;
				GCC_PREPROCESSOR_DEFINITIONS = (
					"DEBUG=1",
					"$(inherited)",
				);
				GCC_WARN_64_TO_32_BIT_CONVERSION = YES;
				GCC_WARN_ABOUT_RETURN_TYPE = YES_ERROR;
				GCC_WARN_UNDECLARED_SELECTOR = YES;
				GCC_WARN_UNINITIALIZED_AUTOS = YES_AGGRESSIVE;
				GCC_WARN_UNUSED_FUNCTION = YES;
				GCC_WARN_UNUSED_VARIABLE = YES;
				IPHONEOS_DEPLOYMENT_TARGET = 15.5;
				MTL_ENABLE_DEBUG_INFO = INCLUDE_SOURCE;
				MTL_FAST_MATH = YES;
				ONLY_ACTIVE_ARCH = YES;
				SDKROOT = iphoneos;
				SWIFT_ACTIVE_COMPILATION_CONDITIONS = DEBUG;
				SWIFT_OPTIMIZATION_LEVEL = "-Onone";
			};
			name = Debug;
		};
		CF250D9828F588C7000DCAB1 /* Release */ = {
			isa = XCBuildConfiguration;
			buildSettings = {
				ALWAYS_SEARCH_USER_PATHS = NO;
				CLANG_ANALYZER_NONNULL = YES;
				CLANG_ANALYZER_NUMBER_OBJECT_CONVERSION = YES_AGGRESSIVE;
				CLANG_CXX_LANGUAGE_STANDARD = "gnu++17";
				CLANG_ENABLE_MODULES = YES;
				CLANG_ENABLE_OBJC_ARC = YES;
				CLANG_ENABLE_OBJC_WEAK = YES;
				CLANG_WARN_BLOCK_CAPTURE_AUTORELEASING = YES;
				CLANG_WARN_BOOL_CONVERSION = YES;
				CLANG_WARN_COMMA = YES;
				CLANG_WARN_CONSTANT_CONVERSION = YES;
				CLANG_WARN_DEPRECATED_OBJC_IMPLEMENTATIONS = YES;
				CLANG_WARN_DIRECT_OBJC_ISA_USAGE = YES_ERROR;
				CLANG_WARN_DOCUMENTATION_COMMENTS = YES;
				CLANG_WARN_EMPTY_BODY = YES;
				CLANG_WARN_ENUM_CONVERSION = YES;
				CLANG_WARN_INFINITE_RECURSION = YES;
				CLANG_WARN_INT_CONVERSION = YES;
				CLANG_WARN_NON_LITERAL_NULL_CONVERSION = YES;
				CLANG_WARN_OBJC_IMPLICIT_RETAIN_SELF = YES;
				CLANG_WARN_OBJC_LITERAL_CONVERSION = YES;
				CLANG_WARN_OBJC_ROOT_CLASS = YES_ERROR;
				CLANG_WARN_QUOTED_INCLUDE_IN_FRAMEWORK_HEADER = YES;
				CLANG_WARN_RANGE_LOOP_ANALYSIS = YES;
				CLANG_WARN_STRICT_PROTOTYPES = YES;
				CLANG_WARN_SUSPICIOUS_MOVE = YES;
				CLANG_WARN_UNGUARDED_AVAILABILITY = YES_AGGRESSIVE;
				CLANG_WARN_UNREACHABLE_CODE = YES;
				CLANG_WARN__DUPLICATE_METHOD_MATCH = YES;
				COPY_PHASE_STRIP = NO;
				DEBUG_INFORMATION_FORMAT = "dwarf-with-dsym";
				ENABLE_NS_ASSERTIONS = NO;
				ENABLE_STRICT_OBJC_MSGSEND = YES;
				GCC_C_LANGUAGE_STANDARD = gnu11;
				GCC_NO_COMMON_BLOCKS = YES;
				GCC_WARN_64_TO_32_BIT_CONVERSION = YES;
				GCC_WARN_ABOUT_RETURN_TYPE = YES_ERROR;
				GCC_WARN_UNDECLARED_SELECTOR = YES;
				GCC_WARN_UNINITIALIZED_AUTOS = YES_AGGRESSIVE;
				GCC_WARN_UNUSED_FUNCTION = YES;
				GCC_WARN_UNUSED_VARIABLE = YES;
				IPHONEOS_DEPLOYMENT_TARGET = 15.5;
				MTL_ENABLE_DEBUG_INFO = NO;
				MTL_FAST_MATH = YES;
				SDKROOT = iphoneos;
				SWIFT_COMPILATION_MODE = wholemodule;
				SWIFT_OPTIMIZATION_LEVEL = "-O";
				VALIDATE_PRODUCT = YES;
			};
			name = Release;
		};
		CF250D9A28F588C7000DCAB1 /* Debug */ = {
			isa = XCBuildConfiguration;
			buildSettings = {
				ASSETCATALOG_COMPILER_APPICON_NAME = AppIcon;
				ASSETCATALOG_COMPILER_GLOBAL_ACCENT_COLOR_NAME = AccentColor;
				CODE_SIGN_STYLE = Automatic;
				CURRENT_PROJECT_VERSION = 1;
				DEVELOPMENT_ASSET_PATHS = "\"GitStar/Preview Content\"";
				DEVELOPMENT_TEAM = 7FX9FX9T59;
				ENABLE_PREVIEWS = YES;
				GENERATE_INFOPLIST_FILE = YES;
				INFOPLIST_KEY_UIApplicationSceneManifest_Generation = YES;
				INFOPLIST_KEY_UIApplicationSupportsIndirectInputEvents = YES;
				INFOPLIST_KEY_UILaunchScreen_Generation = YES;
				INFOPLIST_KEY_UISupportedInterfaceOrientations_iPad = "UIInterfaceOrientationPortrait UIInterfaceOrientationPortraitUpsideDown UIInterfaceOrientationLandscapeLeft UIInterfaceOrientationLandscapeRight";
				INFOPLIST_KEY_UISupportedInterfaceOrientations_iPhone = "UIInterfaceOrientationPortrait UIInterfaceOrientationLandscapeLeft UIInterfaceOrientationLandscapeRight";
				INFOPLIST_KEY_UIUserInterfaceStyle = Dark;
				IPHONEOS_DEPLOYMENT_TARGET = 15.0;
				LD_RUNPATH_SEARCH_PATHS = (
					"$(inherited)",
					"@executable_path/Frameworks",
				);
				MARKETING_VERSION = 1.0;
				PRODUCT_BUNDLE_IDENTIFIER = com.ebubekirsezer.GitStar;
				PRODUCT_NAME = "$(TARGET_NAME)";
				SWIFT_EMIT_LOC_STRINGS = YES;
				SWIFT_VERSION = 5.0;
				TARGETED_DEVICE_FAMILY = "1,2";
			};
			name = Debug;
		};
		CF250D9B28F588C7000DCAB1 /* Release */ = {
			isa = XCBuildConfiguration;
			buildSettings = {
				ASSETCATALOG_COMPILER_APPICON_NAME = AppIcon;
				ASSETCATALOG_COMPILER_GLOBAL_ACCENT_COLOR_NAME = AccentColor;
				"CODE_SIGN_IDENTITY[sdk=iphoneos*]" = "iPhone Distribution";
				CODE_SIGN_STYLE = Manual;
				CURRENT_PROJECT_VERSION = 1;
				DEVELOPMENT_ASSET_PATHS = "\"GitStar/Preview Content\"";
				DEVELOPMENT_TEAM = "";
				"DEVELOPMENT_TEAM[sdk=iphoneos*]" = 7FX9FX9T59;
				ENABLE_PREVIEWS = YES;
				GENERATE_INFOPLIST_FILE = YES;
				INFOPLIST_KEY_UIApplicationSceneManifest_Generation = YES;
				INFOPLIST_KEY_UIApplicationSupportsIndirectInputEvents = YES;
				INFOPLIST_KEY_UILaunchScreen_Generation = YES;
				INFOPLIST_KEY_UISupportedInterfaceOrientations_iPad = "UIInterfaceOrientationPortrait UIInterfaceOrientationPortraitUpsideDown UIInterfaceOrientationLandscapeLeft UIInterfaceOrientationLandscapeRight";
				INFOPLIST_KEY_UISupportedInterfaceOrientations_iPhone = "UIInterfaceOrientationPortrait UIInterfaceOrientationLandscapeLeft UIInterfaceOrientationLandscapeRight";
				INFOPLIST_KEY_UIUserInterfaceStyle = Dark;
				IPHONEOS_DEPLOYMENT_TARGET = 15.0;
				LD_RUNPATH_SEARCH_PATHS = (
					"$(inherited)",
					"@executable_path/Frameworks",
				);
				MARKETING_VERSION = 1.0;
				PRODUCT_BUNDLE_IDENTIFIER = com.ebubekirsezer.GitStar;
				PRODUCT_NAME = "$(TARGET_NAME)";
				PROVISIONING_PROFILE_SPECIFIER = "GitStar AppStore";
				"PROVISIONING_PROFILE_SPECIFIER[sdk=iphoneos*]" = "GitStar AppStore";
				SWIFT_EMIT_LOC_STRINGS = YES;
				SWIFT_VERSION = 5.0;
				TARGETED_DEVICE_FAMILY = "1,2";
			};
			name = Release;
		};
/* End XCBuildConfiguration section */

/* Begin XCConfigurationList section */
		CF250D8628F588C6000DCAB1 /* Build configuration list for PBXProject "GitStar" */ = {
			isa = XCConfigurationList;
			buildConfigurations = (
				CF250D9728F588C7000DCAB1 /* Debug */,
				CF250D9828F588C7000DCAB1 /* Release */,
			);
			defaultConfigurationIsVisible = 0;
			defaultConfigurationName = Release;
		};
		CF250D9928F588C7000DCAB1 /* Build configuration list for PBXNativeTarget "GitStar" */ = {
			isa = XCConfigurationList;
			buildConfigurations = (
				CF250D9A28F588C7000DCAB1 /* Debug */,
				CF250D9B28F588C7000DCAB1 /* Release */,
			);
			defaultConfigurationIsVisible = 0;
			defaultConfigurationName = Release;
		};
/* End XCConfigurationList section */

/* Begin XCRemoteSwiftPackageReference section */
		CF876B21290204AC0094110F /* XCRemoteSwiftPackageReference "realm-swift" */ = {
			isa = XCRemoteSwiftPackageReference;
			repositoryURL = "https://github.com/realm/realm-swift.git";
			requirement = {
				branch = master;
				kind = branch;
			};
		};
		CFA25E32290088210019986B /* XCRemoteSwiftPackageReference "apollo-ios" */ = {
			isa = XCRemoteSwiftPackageReference;
			repositoryURL = "https://github.com/apollographql/apollo-ios.git";
			requirement = {
				kind = exactVersion;
				version = 0.53.0;
			};
		};
/* End XCRemoteSwiftPackageReference section */

/* Begin XCSwiftPackageProductDependency section */
		CF876B22290204AC0094110F /* Realm */ = {
			isa = XCSwiftPackageProductDependency;
			package = CF876B21290204AC0094110F /* XCRemoteSwiftPackageReference "realm-swift" */;
			productName = Realm;
		};
		CF876B24290204AC0094110F /* RealmSwift */ = {
			isa = XCSwiftPackageProductDependency;
			package = CF876B21290204AC0094110F /* XCRemoteSwiftPackageReference "realm-swift" */;
			productName = RealmSwift;
		};
		CFA25E33290088210019986B /* Apollo */ = {
			isa = XCSwiftPackageProductDependency;
			package = CFA25E32290088210019986B /* XCRemoteSwiftPackageReference "apollo-ios" */;
			productName = Apollo;
		};
/* End XCSwiftPackageProductDependency section */
	};
	rootObject = CF250D8328F588C6000DCAB1 /* Project object */;
}
